// !$*UTF8*$!
{
	archiveVersion = 1;
	classes = {
	};
	objectVersion = 46;
	objects = {

/* Begin PBXBuildFile section */
		0CC2F4ACF0BE5503A5BA8D78 /* libPods.a in Frameworks */ = {isa = PBXBuildFile; fileRef = 92DFEE521809BDFDDC3326A5 /* libPods.a */; };
		2A795F52D0BB48432DB8E188 /* libPods.a in Frameworks */ = {isa = PBXBuildFile; fileRef = 92DFEE521809BDFDDC3326A5 /* libPods.a */; };
		839FC5AB19FA746500F09B45 /* AppDelegate.swift in Sources */ = {isa = PBXBuildFile; fileRef = 839FC5AA19FA746500F09B45 /* AppDelegate.swift */; };
		839FC5AE19FA746500F09B45 /* Smuoy.xcdatamodeld in Sources */ = {isa = PBXBuildFile; fileRef = 839FC5AC19FA746500F09B45 /* Smuoy.xcdatamodeld */; };
		839FC5B519FA746500F09B45 /* Main.storyboard in Resources */ = {isa = PBXBuildFile; fileRef = 839FC5B319FA746500F09B45 /* Main.storyboard */; };
		839FC5B719FA746500F09B45 /* Images.xcassets in Resources */ = {isa = PBXBuildFile; fileRef = 839FC5B619FA746500F09B45 /* Images.xcassets */; };
		839FC5BA19FA746500F09B45 /* LaunchScreen.xib in Resources */ = {isa = PBXBuildFile; fileRef = 839FC5B819FA746500F09B45 /* LaunchScreen.xib */; };
		839FC5C619FA746500F09B45 /* SmuoyTests.swift in Sources */ = {isa = PBXBuildFile; fileRef = 839FC5C519FA746500F09B45 /* SmuoyTests.swift */; };
		83A47D181A03D8F100152AF7 /* SmuoyTableViewController.swift in Sources */ = {isa = PBXBuildFile; fileRef = 83A47D171A03D8F100152AF7 /* SmuoyTableViewController.swift */; };
		83A47D191A03D8F100152AF7 /* SmuoyTableViewController.swift in Sources */ = {isa = PBXBuildFile; fileRef = 83A47D171A03D8F100152AF7 /* SmuoyTableViewController.swift */; };
		83B119F11A1E813700551CCB /* SmuoyDetailViewController.swift in Sources */ = {isa = PBXBuildFile; fileRef = 83B119F01A1E813700551CCB /* SmuoyDetailViewController.swift */; };
		83B119F21A1E813700551CCB /* SmuoyDetailViewController.swift in Sources */ = {isa = PBXBuildFile; fileRef = 83B119F01A1E813700551CCB /* SmuoyDetailViewController.swift */; };
		83B119F41A1E81EC00551CCB /* MapViewController.swift in Sources */ = {isa = PBXBuildFile; fileRef = 83B119F31A1E81EC00551CCB /* MapViewController.swift */; };
		83B119F51A1E81EC00551CCB /* MapViewController.swift in Sources */ = {isa = PBXBuildFile; fileRef = 83B119F31A1E81EC00551CCB /* MapViewController.swift */; };
		83B739EA1A03C520006DEE13 /* AppDelegate.swift in Sources */ = {isa = PBXBuildFile; fileRef = 839FC5AA19FA746500F09B45 /* AppDelegate.swift */; };
		83B739EB1A03C520006DEE13 /* Smuoy.xcdatamodeld in Sources */ = {isa = PBXBuildFile; fileRef = 839FC5AC19FA746500F09B45 /* Smuoy.xcdatamodeld */; };
		83B739EF1A03C520006DEE13 /* libPods.a in Frameworks */ = {isa = PBXBuildFile; fileRef = 92DFEE521809BDFDDC3326A5 /* libPods.a */; };
		83B739F11A03C520006DEE13 /* Main.storyboard in Resources */ = {isa = PBXBuildFile; fileRef = 839FC5B319FA746500F09B45 /* Main.storyboard */; };
		83B739F21A03C520006DEE13 /* LaunchScreen.xib in Resources */ = {isa = PBXBuildFile; fileRef = 839FC5B819FA746500F09B45 /* LaunchScreen.xib */; };
		83B739F31A03C520006DEE13 /* Images.xcassets in Resources */ = {isa = PBXBuildFile; fileRef = 839FC5B619FA746500F09B45 /* Images.xcassets */; };
		83E0927F1A03CBB5006F0267 /* Event.swift in Sources */ = {isa = PBXBuildFile; fileRef = 83E092781A03CBB5006F0267 /* Event.swift */; };
		83E092801A03CBB5006F0267 /* Event.swift in Sources */ = {isa = PBXBuildFile; fileRef = 83E092781A03CBB5006F0267 /* Event.swift */; };
		83E092811A03CBB5006F0267 /* _Event.swift in Sources */ = {isa = PBXBuildFile; fileRef = 83E0927A1A03CBB5006F0267 /* _Event.swift */; };
		83E092821A03CBB5006F0267 /* _Event.swift in Sources */ = {isa = PBXBuildFile; fileRef = 83E0927A1A03CBB5006F0267 /* _Event.swift */; };
		83E092831A03CBB5006F0267 /* _SensorData.swift in Sources */ = {isa = PBXBuildFile; fileRef = 83E0927B1A03CBB5006F0267 /* _SensorData.swift */; };
		83E092841A03CBB5006F0267 /* _SensorData.swift in Sources */ = {isa = PBXBuildFile; fileRef = 83E0927B1A03CBB5006F0267 /* _SensorData.swift */; };
		83E092851A03CBB5006F0267 /* _Smuoy.swift in Sources */ = {isa = PBXBuildFile; fileRef = 83E0927C1A03CBB5006F0267 /* _Smuoy.swift */; };
		83E092861A03CBB5006F0267 /* _Smuoy.swift in Sources */ = {isa = PBXBuildFile; fileRef = 83E0927C1A03CBB5006F0267 /* _Smuoy.swift */; };
		83E092871A03CBB5006F0267 /* SensorData.swift in Sources */ = {isa = PBXBuildFile; fileRef = 83E0927D1A03CBB5006F0267 /* SensorData.swift */; };
		83E092881A03CBB5006F0267 /* SensorData.swift in Sources */ = {isa = PBXBuildFile; fileRef = 83E0927D1A03CBB5006F0267 /* SensorData.swift */; };
		83E092891A03CBB5006F0267 /* Smuoy.swift in Sources */ = {isa = PBXBuildFile; fileRef = 83E0927E1A03CBB5006F0267 /* Smuoy.swift */; };
		83E0928A1A03CBB5006F0267 /* Smuoy.swift in Sources */ = {isa = PBXBuildFile; fileRef = 83E0927E1A03CBB5006F0267 /* Smuoy.swift */; };
		83E0928C1A03CD7E006F0267 /* THCCoreData.framework in Frameworks */ = {isa = PBXBuildFile; fileRef = 83E0928B1A03CD7E006F0267 /* THCCoreData.framework */; };
		83E0928E1A03CD8B006F0267 /* THCCoreData.framework in Frameworks */ = {isa = PBXBuildFile; fileRef = 83E0928D1A03CD8B006F0267 /* THCCoreData.framework */; };
		83E092901A03CD91006F0267 /* THCCoreData.framework in Frameworks */ = {isa = PBXBuildFile; fileRef = 83E0928F1A03CD91006F0267 /* THCCoreData.framework */; };
/* End PBXBuildFile section */

/* Begin PBXContainerItemProxy section */
		839FC5C019FA746500F09B45 /* PBXContainerItemProxy */ = {
			isa = PBXContainerItemProxy;
			containerPortal = 839FC59D19FA746500F09B45 /* Project object */;
			proxyType = 1;
			remoteGlobalIDString = 839FC5A419FA746500F09B45;
			remoteInfo = Smuoy;
		};
/* End PBXContainerItemProxy section */

/* Begin PBXFileReference section */
		51F211E12A654F43FFD9EB48 /* Pods.debug.xcconfig */ = {isa = PBXFileReference; includeInIndex = 1; lastKnownFileType = text.xcconfig; name = Pods.debug.xcconfig; path = "Pods/Target Support Files/Pods/Pods.debug.xcconfig"; sourceTree = "<group>"; };
		5D9C31CA7FC82707C55EFD38 /* Pods.release.xcconfig */ = {isa = PBXFileReference; includeInIndex = 1; lastKnownFileType = text.xcconfig; name = Pods.release.xcconfig; path = "Pods/Target Support Files/Pods/Pods.release.xcconfig"; sourceTree = "<group>"; };
		839FC5A519FA746500F09B45 /* Smuoy.app */ = {isa = PBXFileReference; explicitFileType = wrapper.application; includeInIndex = 0; path = Smuoy.app; sourceTree = BUILT_PRODUCTS_DIR; };
		839FC5A919FA746500F09B45 /* Info.plist */ = {isa = PBXFileReference; lastKnownFileType = text.plist.xml; path = Info.plist; sourceTree = "<group>"; };
		839FC5AA19FA746500F09B45 /* AppDelegate.swift */ = {isa = PBXFileReference; lastKnownFileType = sourcecode.swift; path = AppDelegate.swift; sourceTree = "<group>"; };
		839FC5AD19FA746500F09B45 /* Smuoy.xcdatamodel */ = {isa = PBXFileReference; lastKnownFileType = wrapper.xcdatamodel; path = Smuoy.xcdatamodel; sourceTree = "<group>"; };
		839FC5B419FA746500F09B45 /* Base */ = {isa = PBXFileReference; lastKnownFileType = file.storyboard; name = Base; path = Base.lproj/Main.storyboard; sourceTree = "<group>"; };
		839FC5B619FA746500F09B45 /* Images.xcassets */ = {isa = PBXFileReference; lastKnownFileType = folder.assetcatalog; path = Images.xcassets; sourceTree = "<group>"; };
		839FC5B919FA746500F09B45 /* Base */ = {isa = PBXFileReference; lastKnownFileType = file.xib; name = Base; path = Base.lproj/LaunchScreen.xib; sourceTree = "<group>"; };
		839FC5BF19FA746500F09B45 /* SmuoyTests.xctest */ = {isa = PBXFileReference; explicitFileType = wrapper.cfbundle; includeInIndex = 0; path = SmuoyTests.xctest; sourceTree = BUILT_PRODUCTS_DIR; };
		839FC5C419FA746500F09B45 /* Info.plist */ = {isa = PBXFileReference; lastKnownFileType = text.plist.xml; path = Info.plist; sourceTree = "<group>"; };
		839FC5C519FA746500F09B45 /* SmuoyTests.swift */ = {isa = PBXFileReference; lastKnownFileType = sourcecode.swift; path = SmuoyTests.swift; sourceTree = "<group>"; };
		83A47D171A03D8F100152AF7 /* SmuoyTableViewController.swift */ = {isa = PBXFileReference; fileEncoding = 4; lastKnownFileType = sourcecode.swift; path = SmuoyTableViewController.swift; sourceTree = "<group>"; };
		83B119F01A1E813700551CCB /* SmuoyDetailViewController.swift */ = {isa = PBXFileReference; fileEncoding = 4; lastKnownFileType = sourcecode.swift; path = SmuoyDetailViewController.swift; sourceTree = "<group>"; };
		83B119F31A1E81EC00551CCB /* MapViewController.swift */ = {isa = PBXFileReference; fileEncoding = 4; lastKnownFileType = sourcecode.swift; path = MapViewController.swift; sourceTree = "<group>"; };
		83B739E61A03C517006DEE13 /* SmuoyTests copy-Info.plist */ = {isa = PBXFileReference; lastKnownFileType = text.plist.xml; name = "SmuoyTests copy-Info.plist"; path = "/Users/chris/git/Smoje/Apps/iOS/SmuoyTests copy-Info.plist"; sourceTree = "<absolute>"; };
		83B739F81A03C520006DEE13 /* Smuoy copy.app */ = {isa = PBXFileReference; explicitFileType = wrapper.application; includeInIndex = 0; path = "Smuoy copy.app"; sourceTree = BUILT_PRODUCTS_DIR; };
		83B739F91A03C520006DEE13 /* Smuoy copy-Info.plist */ = {isa = PBXFileReference; lastKnownFileType = text.plist.xml; name = "Smuoy copy-Info.plist"; path = "/Users/chris/git/Smoje/Apps/iOS/Smuoy copy-Info.plist"; sourceTree = "<absolute>"; };
		83E092781A03CBB5006F0267 /* Event.swift */ = {isa = PBXFileReference; fileEncoding = 4; lastKnownFileType = sourcecode.swift; path = Event.swift; sourceTree = "<group>"; };
		83E0927A1A03CBB5006F0267 /* _Event.swift */ = {isa = PBXFileReference; fileEncoding = 4; lastKnownFileType = sourcecode.swift; path = _Event.swift; sourceTree = "<group>"; };
		83E0927B1A03CBB5006F0267 /* _SensorData.swift */ = {isa = PBXFileReference; fileEncoding = 4; lastKnownFileType = sourcecode.swift; path = _SensorData.swift; sourceTree = "<group>"; };
		83E0927C1A03CBB5006F0267 /* _Smuoy.swift */ = {isa = PBXFileReference; fileEncoding = 4; lastKnownFileType = sourcecode.swift; path = _Smuoy.swift; sourceTree = "<group>"; };
		83E0927D1A03CBB5006F0267 /* SensorData.swift */ = {isa = PBXFileReference; fileEncoding = 4; lastKnownFileType = sourcecode.swift; path = SensorData.swift; sourceTree = "<group>"; };
		83E0927E1A03CBB5006F0267 /* Smuoy.swift */ = {isa = PBXFileReference; fileEncoding = 4; lastKnownFileType = sourcecode.swift; path = Smuoy.swift; sourceTree = "<group>"; };
		83E0928B1A03CD7E006F0267 /* THCCoreData.framework */ = {isa = PBXFileReference; lastKnownFileType = wrapper.framework; name = THCCoreData.framework; path = "THCCoreData/build/Debug-iphoneos/THCCoreData.framework"; sourceTree = "<group>"; };
		83E0928D1A03CD8B006F0267 /* THCCoreData.framework */ = {isa = PBXFileReference; lastKnownFileType = wrapper.framework; name = THCCoreData.framework; path = "THCCoreData/build/Debug-iphoneos/THCCoreData.framework"; sourceTree = "<group>"; };
		83E0928F1A03CD91006F0267 /* THCCoreData.framework */ = {isa = PBXFileReference; lastKnownFileType = wrapper.framework; name = THCCoreData.framework; path = "THCCoreData/build/Debug-iphoneos/THCCoreData.framework"; sourceTree = "<group>"; };
		92DFEE521809BDFDDC3326A5 /* libPods.a */ = {isa = PBXFileReference; explicitFileType = archive.ar; includeInIndex = 0; path = libPods.a; sourceTree = BUILT_PRODUCTS_DIR; };
/* End PBXFileReference section */

/* Begin PBXFrameworksBuildPhase section */
		839FC5A219FA746500F09B45 /* Frameworks */ = {
			isa = PBXFrameworksBuildPhase;
			buildActionMask = 2147483647;
			files = (
				83E0928C1A03CD7E006F0267 /* THCCoreData.framework in Frameworks */,
				0CC2F4ACF0BE5503A5BA8D78 /* libPods.a in Frameworks */,
			);
			runOnlyForDeploymentPostprocessing = 0;
		};
		839FC5BC19FA746500F09B45 /* Frameworks */ = {
			isa = PBXFrameworksBuildPhase;
			buildActionMask = 2147483647;
			files = (
				83E0928E1A03CD8B006F0267 /* THCCoreData.framework in Frameworks */,
				2A795F52D0BB48432DB8E188 /* libPods.a in Frameworks */,
			);
			runOnlyForDeploymentPostprocessing = 0;
		};
		83B739EE1A03C520006DEE13 /* Frameworks */ = {
			isa = PBXFrameworksBuildPhase;
			buildActionMask = 2147483647;
			files = (
				83E092901A03CD91006F0267 /* THCCoreData.framework in Frameworks */,
				83B739EF1A03C520006DEE13 /* libPods.a in Frameworks */,
			);
			runOnlyForDeploymentPostprocessing = 0;
		};
/* End PBXFrameworksBuildPhase section */

/* Begin PBXGroup section */
		4842EAE049FF926B90B0557F /* Pods */ = {
			isa = PBXGroup;
			children = (
				51F211E12A654F43FFD9EB48 /* Pods.debug.xcconfig */,
				5D9C31CA7FC82707C55EFD38 /* Pods.release.xcconfig */,
			);
			name = Pods;
			sourceTree = "<group>";
		};
		839FC59C19FA746500F09B45 = {
			isa = PBXGroup;
			children = (
				83E092771A03CBB5006F0267 /* Models */,
				839FC5A719FA746500F09B45 /* Smuoy */,
				839FC5C219FA746500F09B45 /* SmuoyTests */,
				839FC5A619FA746500F09B45 /* Products */,
				4842EAE049FF926B90B0557F /* Pods */,
				BFE2161773CD2106070882FA /* Frameworks */,
				83B739E61A03C517006DEE13 /* SmuoyTests copy-Info.plist */,
				83B739F91A03C520006DEE13 /* Smuoy copy-Info.plist */,
			);
			sourceTree = "<group>";
		};
		839FC5A619FA746500F09B45 /* Products */ = {
			isa = PBXGroup;
			children = (
				839FC5A519FA746500F09B45 /* Smuoy.app */,
				839FC5BF19FA746500F09B45 /* SmuoyTests.xctest */,
				83B739F81A03C520006DEE13 /* Smuoy copy.app */,
			);
			name = Products;
			sourceTree = "<group>";
		};
		839FC5A719FA746500F09B45 /* Smuoy */ = {
			isa = PBXGroup;
			children = (
				839FC5AA19FA746500F09B45 /* AppDelegate.swift */,
				83A47D171A03D8F100152AF7 /* SmuoyTableViewController.swift */,
				83B119F01A1E813700551CCB /* SmuoyDetailViewController.swift */,
				83B119F31A1E81EC00551CCB /* MapViewController.swift */,
				839FC5B319FA746500F09B45 /* Main.storyboard */,
				839FC5B619FA746500F09B45 /* Images.xcassets */,
				839FC5B819FA746500F09B45 /* LaunchScreen.xib */,
				839FC5AC19FA746500F09B45 /* Smuoy.xcdatamodeld */,
				839FC5A819FA746500F09B45 /* Supporting Files */,
			);
			path = Smuoy;
			sourceTree = "<group>";
		};
		839FC5A819FA746500F09B45 /* Supporting Files */ = {
			isa = PBXGroup;
			children = (
				839FC5A919FA746500F09B45 /* Info.plist */,
			);
			name = "Supporting Files";
			sourceTree = "<group>";
		};
		839FC5C219FA746500F09B45 /* SmuoyTests */ = {
			isa = PBXGroup;
			children = (
				839FC5C519FA746500F09B45 /* SmuoyTests.swift */,
				839FC5C319FA746500F09B45 /* Supporting Files */,
			);
			path = SmuoyTests;
			sourceTree = "<group>";
		};
		839FC5C319FA746500F09B45 /* Supporting Files */ = {
			isa = PBXGroup;
			children = (
				839FC5C419FA746500F09B45 /* Info.plist */,
			);
			name = "Supporting Files";
			sourceTree = "<group>";
		};
		83E092771A03CBB5006F0267 /* Models */ = {
			isa = PBXGroup;
			children = (
				83E092791A03CBB5006F0267 /* Generated */,
				83E092781A03CBB5006F0267 /* Event.swift */,
				83E0927D1A03CBB5006F0267 /* SensorData.swift */,
				83E0927E1A03CBB5006F0267 /* Smuoy.swift */,
			);
			name = Models;
			path = Smuoy/Models;
			sourceTree = "<group>";
		};
		83E092791A03CBB5006F0267 /* Generated */ = {
			isa = PBXGroup;
			children = (
				83E0927A1A03CBB5006F0267 /* _Event.swift */,
				83E0927B1A03CBB5006F0267 /* _SensorData.swift */,
				83E0927C1A03CBB5006F0267 /* _Smuoy.swift */,
			);
			path = Generated;
			sourceTree = "<group>";
		};
		BFE2161773CD2106070882FA /* Frameworks */ = {
			isa = PBXGroup;
			children = (
				83E0928F1A03CD91006F0267 /* THCCoreData.framework */,
				83E0928D1A03CD8B006F0267 /* THCCoreData.framework */,
				83E0928B1A03CD7E006F0267 /* THCCoreData.framework */,
				92DFEE521809BDFDDC3326A5 /* libPods.a */,
			);
			name = Frameworks;
			sourceTree = "<group>";
		};
/* End PBXGroup section */

/* Begin PBXNativeTarget section */
		839FC5A419FA746500F09B45 /* Smuoy */ = {
			isa = PBXNativeTarget;
			buildConfigurationList = 839FC5C919FA746500F09B45 /* Build configuration list for PBXNativeTarget "Smuoy" */;
			buildPhases = (
				56F7DC210A13FEA82D5339BC /* Check Pods Manifest.lock */,
				839FC5A119FA746500F09B45 /* Sources */,
				839FC5A219FA746500F09B45 /* Frameworks */,
				839FC5A319FA746500F09B45 /* Resources */,
				9987B840D5CED775DCC6E2BB /* Copy Pods Resources */,
			);
			buildRules = (
			);
			dependencies = (
			);
			name = Smuoy;
			productName = Smuoy;
			productReference = 839FC5A519FA746500F09B45 /* Smuoy.app */;
			productType = "com.apple.product-type.application";
		};
		839FC5BE19FA746500F09B45 /* SmuoyTests */ = {
			isa = PBXNativeTarget;
			buildConfigurationList = 839FC5CC19FA746500F09B45 /* Build configuration list for PBXNativeTarget "SmuoyTests" */;
			buildPhases = (
				9B4AC582F3C20CA7824751EA /* Check Pods Manifest.lock */,
				839FC5BB19FA746500F09B45 /* Sources */,
				839FC5BC19FA746500F09B45 /* Frameworks */,
				839FC5BD19FA746500F09B45 /* Resources */,
				5399AA9801C6482ED255C9A5 /* Copy Pods Resources */,
			);
			buildRules = (
			);
			dependencies = (
				839FC5C119FA746500F09B45 /* PBXTargetDependency */,
			);
			name = SmuoyTests;
			productName = SmuoyTests;
			productReference = 839FC5BF19FA746500F09B45 /* SmuoyTests.xctest */;
			productType = "com.apple.product-type.bundle.unit-test";
		};
		83B739E71A03C520006DEE13 /* Smuoy Mock */ = {
			isa = PBXNativeTarget;
			buildConfigurationList = 83B739F51A03C520006DEE13 /* Build configuration list for PBXNativeTarget "Smuoy Mock" */;
			buildPhases = (
				83B739E81A03C520006DEE13 /* Check Pods Manifest.lock */,
				83B739E91A03C520006DEE13 /* Sources */,
				83B739EE1A03C520006DEE13 /* Frameworks */,
				83B739F01A03C520006DEE13 /* Resources */,
				83B739F41A03C520006DEE13 /* Copy Pods Resources */,
			);
			buildRules = (
			);
			dependencies = (
			);
			name = "Smuoy Mock";
			productName = Smuoy;
			productReference = 83B739F81A03C520006DEE13 /* Smuoy copy.app */;
			productType = "com.apple.product-type.application";
		};
/* End PBXNativeTarget section */

/* Begin PBXProject section */
		839FC59D19FA746500F09B45 /* Project object */ = {
			isa = PBXProject;
			attributes = {
				LastUpgradeCheck = 0610;
				ORGANIZATIONNAME = BFH;
				TargetAttributes = {
					839FC5A419FA746500F09B45 = {
						CreatedOnToolsVersion = 6.1;
					};
					839FC5BE19FA746500F09B45 = {
						CreatedOnToolsVersion = 6.1;
						TestTargetID = 839FC5A419FA746500F09B45;
					};
				};
			};
			buildConfigurationList = 839FC5A019FA746500F09B45 /* Build configuration list for PBXProject "Smuoy" */;
			compatibilityVersion = "Xcode 3.2";
			developmentRegion = English;
			hasScannedForEncodings = 0;
			knownRegions = (
				en,
				Base,
			);
			mainGroup = 839FC59C19FA746500F09B45;
			productRefGroup = 839FC5A619FA746500F09B45 /* Products */;
			projectDirPath = "";
			projectRoot = "";
			targets = (
				839FC5A419FA746500F09B45 /* Smuoy */,
				839FC5BE19FA746500F09B45 /* SmuoyTests */,
				83B739E71A03C520006DEE13 /* Smuoy Mock */,
			);
		};
/* End PBXProject section */

/* Begin PBXResourcesBuildPhase section */
		839FC5A319FA746500F09B45 /* Resources */ = {
			isa = PBXResourcesBuildPhase;
			buildActionMask = 2147483647;
			files = (
				839FC5B519FA746500F09B45 /* Main.storyboard in Resources */,
				839FC5BA19FA746500F09B45 /* LaunchScreen.xib in Resources */,
				839FC5B719FA746500F09B45 /* Images.xcassets in Resources */,
			);
			runOnlyForDeploymentPostprocessing = 0;
		};
		839FC5BD19FA746500F09B45 /* Resources */ = {
			isa = PBXResourcesBuildPhase;
			buildActionMask = 2147483647;
			files = (
			);
			runOnlyForDeploymentPostprocessing = 0;
		};
		83B739F01A03C520006DEE13 /* Resources */ = {
			isa = PBXResourcesBuildPhase;
			buildActionMask = 2147483647;
			files = (
				83B739F11A03C520006DEE13 /* Main.storyboard in Resources */,
				83B739F21A03C520006DEE13 /* LaunchScreen.xib in Resources */,
				83B739F31A03C520006DEE13 /* Images.xcassets in Resources */,
			);
			runOnlyForDeploymentPostprocessing = 0;
		};
/* End PBXResourcesBuildPhase section */

/* Begin PBXShellScriptBuildPhase section */
		5399AA9801C6482ED255C9A5 /* Copy Pods Resources */ = {
			isa = PBXShellScriptBuildPhase;
			buildActionMask = 2147483647;
			files = (
			);
			inputPaths = (
			);
			name = "Copy Pods Resources";
			outputPaths = (
			);
			runOnlyForDeploymentPostprocessing = 0;
			shellPath = /bin/sh;
			shellScript = "\"${SRCROOT}/Pods/Target Support Files/Pods/Pods-resources.sh\"\n";
			showEnvVarsInLog = 0;
		};
		56F7DC210A13FEA82D5339BC /* Check Pods Manifest.lock */ = {
			isa = PBXShellScriptBuildPhase;
			buildActionMask = 2147483647;
			files = (
			);
			inputPaths = (
			);
			name = "Check Pods Manifest.lock";
			outputPaths = (
			);
			runOnlyForDeploymentPostprocessing = 0;
			shellPath = /bin/sh;
			shellScript = "diff \"${PODS_ROOT}/../Podfile.lock\" \"${PODS_ROOT}/Manifest.lock\" > /dev/null\nif [[ $? != 0 ]] ; then\n    cat << EOM\nerror: The sandbox is not in sync with the Podfile.lock. Run 'pod install' or update your CocoaPods installation.\nEOM\n    exit 1\nfi\n";
			showEnvVarsInLog = 0;
		};
		83B739E81A03C520006DEE13 /* Check Pods Manifest.lock */ = {
			isa = PBXShellScriptBuildPhase;
			buildActionMask = 2147483647;
			files = (
			);
			inputPaths = (
			);
			name = "Check Pods Manifest.lock";
			outputPaths = (
			);
			runOnlyForDeploymentPostprocessing = 0;
			shellPath = /bin/sh;
			shellScript = "diff \"${PODS_ROOT}/../Podfile.lock\" \"${PODS_ROOT}/Manifest.lock\" > /dev/null\nif [[ $? != 0 ]] ; then\n    cat << EOM\nerror: The sandbox is not in sync with the Podfile.lock. Run 'pod install' or update your CocoaPods installation.\nEOM\n    exit 1\nfi\n";
			showEnvVarsInLog = 0;
		};
		83B739F41A03C520006DEE13 /* Copy Pods Resources */ = {
			isa = PBXShellScriptBuildPhase;
			buildActionMask = 2147483647;
			files = (
			);
			inputPaths = (
			);
			name = "Copy Pods Resources";
			outputPaths = (
			);
			runOnlyForDeploymentPostprocessing = 0;
			shellPath = /bin/sh;
			shellScript = "\"${SRCROOT}/Pods/Target Support Files/Pods/Pods-resources.sh\"\n";
			showEnvVarsInLog = 0;
		};
		9987B840D5CED775DCC6E2BB /* Copy Pods Resources */ = {
			isa = PBXShellScriptBuildPhase;
			buildActionMask = 2147483647;
			files = (
			);
			inputPaths = (
			);
			name = "Copy Pods Resources";
			outputPaths = (
			);
			runOnlyForDeploymentPostprocessing = 0;
			shellPath = /bin/sh;
			shellScript = "\"${SRCROOT}/Pods/Target Support Files/Pods/Pods-resources.sh\"\n";
			showEnvVarsInLog = 0;
		};
		9B4AC582F3C20CA7824751EA /* Check Pods Manifest.lock */ = {
			isa = PBXShellScriptBuildPhase;
			buildActionMask = 2147483647;
			files = (
			);
			inputPaths = (
			);
			name = "Check Pods Manifest.lock";
			outputPaths = (
			);
			runOnlyForDeploymentPostprocessing = 0;
			shellPath = /bin/sh;
			shellScript = "diff \"${PODS_ROOT}/../Podfile.lock\" \"${PODS_ROOT}/Manifest.lock\" > /dev/null\nif [[ $? != 0 ]] ; then\n    cat << EOM\nerror: The sandbox is not in sync with the Podfile.lock. Run 'pod install' or update your CocoaPods installation.\nEOM\n    exit 1\nfi\n";
			showEnvVarsInLog = 0;
		};
/* End PBXShellScriptBuildPhase section */

/* Begin PBXSourcesBuildPhase section */
		839FC5A119FA746500F09B45 /* Sources */ = {
			isa = PBXSourcesBuildPhase;
			buildActionMask = 2147483647;
			files = (
				83B119F41A1E81EC00551CCB /* MapViewController.swift in Sources */,
				839FC5AB19FA746500F09B45 /* AppDelegate.swift in Sources */,
				83B119F11A1E813700551CCB /* SmuoyDetailViewController.swift in Sources */,
				83A47D181A03D8F100152AF7 /* SmuoyTableViewController.swift in Sources */,
				839FC5AE19FA746500F09B45 /* Smuoy.xcdatamodeld in Sources */,
				83E092811A03CBB5006F0267 /* _Event.swift in Sources */,
				83E092891A03CBB5006F0267 /* Smuoy.swift in Sources */,
				83E092851A03CBB5006F0267 /* _Smuoy.swift in Sources */,
				83E0927F1A03CBB5006F0267 /* Event.swift in Sources */,
				83E092831A03CBB5006F0267 /* _SensorData.swift in Sources */,
				83E092871A03CBB5006F0267 /* SensorData.swift in Sources */,
			);
			runOnlyForDeploymentPostprocessing = 0;
		};
		839FC5BB19FA746500F09B45 /* Sources */ = {
			isa = PBXSourcesBuildPhase;
			buildActionMask = 2147483647;
			files = (
				839FC5C619FA746500F09B45 /* SmuoyTests.swift in Sources */,
			);
			runOnlyForDeploymentPostprocessing = 0;
		};
		83B739E91A03C520006DEE13 /* Sources */ = {
			isa = PBXSourcesBuildPhase;
			buildActionMask = 2147483647;
			files = (
				83B119F51A1E81EC00551CCB /* MapViewController.swift in Sources */,
				83B739EA1A03C520006DEE13 /* AppDelegate.swift in Sources */,
				83B119F21A1E813700551CCB /* SmuoyDetailViewController.swift in Sources */,
				83A47D191A03D8F100152AF7 /* SmuoyTableViewController.swift in Sources */,
				83B739EB1A03C520006DEE13 /* Smuoy.xcdatamodeld in Sources */,
				83E092821A03CBB5006F0267 /* _Event.swift in Sources */,
				83E0928A1A03CBB5006F0267 /* Smuoy.swift in Sources */,
				83E092861A03CBB5006F0267 /* _Smuoy.swift in Sources */,
				83E092801A03CBB5006F0267 /* Event.swift in Sources */,
				83E092841A03CBB5006F0267 /* _SensorData.swift in Sources */,
				83E092881A03CBB5006F0267 /* SensorData.swift in Sources */,
			);
			runOnlyForDeploymentPostprocessing = 0;
		};
/* End PBXSourcesBuildPhase section */

/* Begin PBXTargetDependency section */
		839FC5C119FA746500F09B45 /* PBXTargetDependency */ = {
			isa = PBXTargetDependency;
			target = 839FC5A419FA746500F09B45 /* Smuoy */;
			targetProxy = 839FC5C019FA746500F09B45 /* PBXContainerItemProxy */;
		};
/* End PBXTargetDependency section */

/* Begin PBXVariantGroup section */
		839FC5B319FA746500F09B45 /* Main.storyboard */ = {
			isa = PBXVariantGroup;
			children = (
				839FC5B419FA746500F09B45 /* Base */,
			);
			name = Main.storyboard;
			sourceTree = "<group>";
		};
		839FC5B819FA746500F09B45 /* LaunchScreen.xib */ = {
			isa = PBXVariantGroup;
			children = (
				839FC5B919FA746500F09B45 /* Base */,
			);
			name = LaunchScreen.xib;
			sourceTree = "<group>";
		};
/* End PBXVariantGroup section */

/* Begin XCBuildConfiguration section */
		839FC5C719FA746500F09B45 /* Debug */ = {
			isa = XCBuildConfiguration;
			buildSettings = {
				ALWAYS_SEARCH_USER_PATHS = NO;
				CLANG_CXX_LANGUAGE_STANDARD = "gnu++0x";
				CLANG_CXX_LIBRARY = "libc++";
				CLANG_ENABLE_MODULES = YES;
				CLANG_ENABLE_OBJC_ARC = YES;
				CLANG_WARN_BOOL_CONVERSION = YES;
				CLANG_WARN_CONSTANT_CONVERSION = YES;
				CLANG_WARN_DIRECT_OBJC_ISA_USAGE = YES_ERROR;
				CLANG_WARN_EMPTY_BODY = YES;
				CLANG_WARN_ENUM_CONVERSION = YES;
				CLANG_WARN_INT_CONVERSION = YES;
				CLANG_WARN_OBJC_ROOT_CLASS = YES_ERROR;
				CLANG_WARN_UNREACHABLE_CODE = YES;
				CLANG_WARN__DUPLICATE_METHOD_MATCH = YES;
				"CODE_SIGN_IDENTITY[sdk=iphoneos*]" = "iPhone Developer";
				COPY_PHASE_STRIP = NO;
				ENABLE_STRICT_OBJC_MSGSEND = YES;
				GCC_C_LANGUAGE_STANDARD = gnu99;
				GCC_DYNAMIC_NO_PIC = NO;
				GCC_OPTIMIZATION_LEVEL = 0;
				GCC_PREPROCESSOR_DEFINITIONS = (
					"DEBUG=1",
					"$(inherited)",
				);
				GCC_SYMBOLS_PRIVATE_EXTERN = NO;
				GCC_WARN_64_TO_32_BIT_CONVERSION = YES;
				GCC_WARN_ABOUT_RETURN_TYPE = YES_ERROR;
				GCC_WARN_UNDECLARED_SELECTOR = YES;
				GCC_WARN_UNINITIALIZED_AUTOS = YES_AGGRESSIVE;
				GCC_WARN_UNUSED_FUNCTION = YES;
				GCC_WARN_UNUSED_VARIABLE = YES;
				IPHONEOS_DEPLOYMENT_TARGET = 8.1;
				MTL_ENABLE_DEBUG_INFO = YES;
				ONLY_ACTIVE_ARCH = YES;
				SDKROOT = iphoneos;
				SWIFT_OPTIMIZATION_LEVEL = "-Onone";
				TARGETED_DEVICE_FAMILY = "1,2";
			};
			name = Debug;
		};
		839FC5C819FA746500F09B45 /* Release */ = {
			isa = XCBuildConfiguration;
			buildSettings = {
				ALWAYS_SEARCH_USER_PATHS = NO;
				CLANG_CXX_LANGUAGE_STANDARD = "gnu++0x";
				CLANG_CXX_LIBRARY = "libc++";
				CLANG_ENABLE_MODULES = YES;
				CLANG_ENABLE_OBJC_ARC = YES;
				CLANG_WARN_BOOL_CONVERSION = YES;
				CLANG_WARN_CONSTANT_CONVERSION = YES;
				CLANG_WARN_DIRECT_OBJC_ISA_USAGE = YES_ERROR;
				CLANG_WARN_EMPTY_BODY = YES;
				CLANG_WARN_ENUM_CONVERSION = YES;
				CLANG_WARN_INT_CONVERSION = YES;
				CLANG_WARN_OBJC_ROOT_CLASS = YES_ERROR;
				CLANG_WARN_UNREACHABLE_CODE = YES;
				CLANG_WARN__DUPLICATE_METHOD_MATCH = YES;
				"CODE_SIGN_IDENTITY[sdk=iphoneos*]" = "iPhone Developer";
				COPY_PHASE_STRIP = YES;
				ENABLE_NS_ASSERTIONS = NO;
				ENABLE_STRICT_OBJC_MSGSEND = YES;
				GCC_C_LANGUAGE_STANDARD = gnu99;
				GCC_WARN_64_TO_32_BIT_CONVERSION = YES;
				GCC_WARN_ABOUT_RETURN_TYPE = YES_ERROR;
				GCC_WARN_UNDECLARED_SELECTOR = YES;
				GCC_WARN_UNINITIALIZED_AUTOS = YES_AGGRESSIVE;
				GCC_WARN_UNUSED_FUNCTION = YES;
				GCC_WARN_UNUSED_VARIABLE = YES;
				IPHONEOS_DEPLOYMENT_TARGET = 8.1;
				MTL_ENABLE_DEBUG_INFO = NO;
				SDKROOT = iphoneos;
				TARGETED_DEVICE_FAMILY = "1,2";
				VALIDATE_PRODUCT = YES;
			};
			name = Release;
		};
		839FC5CA19FA746500F09B45 /* Debug */ = {
			isa = XCBuildConfiguration;
			baseConfigurationReference = 51F211E12A654F43FFD9EB48 /* Pods.debug.xcconfig */;
			buildSettings = {
				ASSETCATALOG_COMPILER_APPICON_NAME = AppIcon;
				FRAMEWORK_SEARCH_PATHS = (
					"$(inherited)",
					"$(PROJECT_DIR)/THCCoreData/build/Debug-iphoneos",
				);
				INFOPLIST_FILE = Smuoy/Info.plist;
				LD_RUNPATH_SEARCH_PATHS = "$(inherited) @executable_path/Frameworks";
				PRODUCT_NAME = "$(TARGET_NAME)";
			};
			name = Debug;
		};
		839FC5CB19FA746500F09B45 /* Release */ = {
			isa = XCBuildConfiguration;
			baseConfigurationReference = 5D9C31CA7FC82707C55EFD38 /* Pods.release.xcconfig */;
			buildSettings = {
				ASSETCATALOG_COMPILER_APPICON_NAME = AppIcon;
				FRAMEWORK_SEARCH_PATHS = (
					"$(inherited)",
					"$(PROJECT_DIR)/THCCoreData/build/Debug-iphoneos",
				);
				INFOPLIST_FILE = Smuoy/Info.plist;
				LD_RUNPATH_SEARCH_PATHS = "$(inherited) @executable_path/Frameworks";
				PRODUCT_NAME = "$(TARGET_NAME)";
			};
			name = Release;
		};
		839FC5CD19FA746500F09B45 /* Debug */ = {
			isa = XCBuildConfiguration;
			baseConfigurationReference = 51F211E12A654F43FFD9EB48 /* Pods.debug.xcconfig */;
			buildSettings = {
				BUNDLE_LOADER = "$(TEST_HOST)";
				FRAMEWORK_SEARCH_PATHS = (
					"$(SDKROOT)/Developer/Library/Frameworks",
					"$(inherited)",
					"$(PROJECT_DIR)/THCCoreData/build/Debug-iphoneos",
				);
				GCC_PREPROCESSOR_DEFINITIONS = (
					"DEBUG=1",
					"$(inherited)",
				);
				INFOPLIST_FILE = SmuoyTests/Info.plist;
				LD_RUNPATH_SEARCH_PATHS = "$(inherited) @executable_path/Frameworks @loader_path/Frameworks";
				PRODUCT_NAME = "$(TARGET_NAME)";
				TEST_HOST = "$(BUILT_PRODUCTS_DIR)/Smuoy.app/Smuoy";
			};
			name = Debug;
		};
		839FC5CE19FA746500F09B45 /* Release */ = {
			isa = XCBuildConfiguration;
			baseConfigurationReference = 5D9C31CA7FC82707C55EFD38 /* Pods.release.xcconfig */;
			buildSettings = {
				BUNDLE_LOADER = "$(TEST_HOST)";
				FRAMEWORK_SEARCH_PATHS = (
					"$(SDKROOT)/Developer/Library/Frameworks",
					"$(inherited)",
					"$(PROJECT_DIR)/THCCoreData/build/Debug-iphoneos",
				);
				INFOPLIST_FILE = SmuoyTests/Info.plist;
				LD_RUNPATH_SEARCH_PATHS = "$(inherited) @executable_path/Frameworks @loader_path/Frameworks";
				PRODUCT_NAME = "$(TARGET_NAME)";
				TEST_HOST = "$(BUILT_PRODUCTS_DIR)/Smuoy.app/Smuoy";
			};
			name = Release;
		};
		83B739F61A03C520006DEE13 /* Debug */ = {
			isa = XCBuildConfiguration;
			baseConfigurationReference = 51F211E12A654F43FFD9EB48 /* Pods.debug.xcconfig */;
			buildSettings = {
				ASSETCATALOG_COMPILER_APPICON_NAME = AppIcon;
				FRAMEWORK_SEARCH_PATHS = (
					"$(inherited)",
					"$(PROJECT_DIR)/THCCoreData/build/Debug-iphoneos",
				);
				INFOPLIST_FILE = "Smuoy copy-Info.plist";
				LD_RUNPATH_SEARCH_PATHS = "$(inherited) @executable_path/Frameworks";
				PRODUCT_NAME = "Smuoy copy";
			};
			name = Debug;
		};
		83B739F71A03C520006DEE13 /* Release */ = {
			isa = XCBuildConfiguration;
			baseConfigurationReference = 5D9C31CA7FC82707C55EFD38 /* Pods.release.xcconfig */;
			buildSettings = {
				ASSETCATALOG_COMPILER_APPICON_NAME = AppIcon;
				FRAMEWORK_SEARCH_PATHS = (
					"$(inherited)",
					"$(PROJECT_DIR)/THCCoreData/build/Debug-iphoneos",
				);
				INFOPLIST_FILE = "Smuoy copy-Info.plist";
				LD_RUNPATH_SEARCH_PATHS = "$(inherited) @executable_path/Frameworks";
				PRODUCT_NAME = "Smuoy copy";
			};
			name = Release;
		};
/* End XCBuildConfiguration section */

/* Begin XCConfigurationList section */
		839FC5A019FA746500F09B45 /* Build configuration list for PBXProject "Smuoy" */ = {
			isa = XCConfigurationList;
			buildConfigurations = (
				839FC5C719FA746500F09B45 /* Debug */,
				839FC5C819FA746500F09B45 /* Release */,
			);
			defaultConfigurationIsVisible = 0;
			defaultConfigurationName = Release;
		};
		839FC5C919FA746500F09B45 /* Build configuration list for PBXNativeTarget "Smuoy" */ = {
			isa = XCConfigurationList;
			buildConfigurations = (
				839FC5CA19FA746500F09B45 /* Debug */,
				839FC5CB19FA746500F09B45 /* Release */,
			);
			defaultConfigurationIsVisible = 0;
			defaultConfigurationName = Release;
		};
		839FC5CC19FA746500F09B45 /* Build configuration list for PBXNativeTarget "SmuoyTests" */ = {
			isa = XCConfigurationList;
			buildConfigurations = (
				839FC5CD19FA746500F09B45 /* Debug */,
				839FC5CE19FA746500F09B45 /* Release */,
			);
			defaultConfigurationIsVisible = 0;
			defaultConfigurationName = Release;
		};
		83B739F51A03C520006DEE13 /* Build configuration list for PBXNativeTarget "Smuoy Mock" */ = {
			isa = XCConfigurationList;
			buildConfigurations = (
				83B739F61A03C520006DEE13 /* Debug */,
				83B739F71A03C520006DEE13 /* Release */,
			);
			defaultConfigurationIsVisible = 0;
			defaultConfigurationName = Release;
		};
/* End XCConfigurationList section */

/* Begin XCVersionGroup section */
		839FC5AC19FA746500F09B45 /* Smuoy.xcdatamodeld */ = {
			isa = XCVersionGroup;
			children = (
				839FC5AD19FA746500F09B45 /* Smuoy.xcdatamodel */,
			);
			currentVersion = 839FC5AD19FA746500F09B45 /* Smuoy.xcdatamodel */;
			path = Smuoy.xcdatamodeld;
			sourceTree = "<group>";
			versionGroupType = wrapper.xcdatamodel;
		};
/* End XCVersionGroup section */
	};
	rootObject = 839FC59D19FA746500F09B45 /* Project object */;
}
